Microsoft Visual Studio Solution File, Format Version 12.00
# Visual Studio Version 16
VisualStudioVersion = 16.0.29424.173
MinimumVisualStudioVersion = 10.0.40219.1
Project("{9A19103F-16F7-4668-BE54-9A1E7A4F7556}") = "neo", "neo\neo.csproj", "{36447A9B-0311-4D4D-A3D5-AECBE9C15BBC}"
EndProject
Project("{9A19103F-16F7-4668-BE54-9A1E7A4F7556}") = "neo.UnitTests", "neo.UnitTests\neo.UnitTests.csproj", "{5B783B30-B422-4C2F-AC22-187A8D1993F4}"
EndProject
Project("{9A19103F-16F7-4668-BE54-9A1E7A4F7556}") = "neo-cli", "..\neo-cli\neo-cli\neo-cli.csproj", "{D99F7703-C0F6-44B7-B532-13AAB5C766EB}"
EndProject
Project("{9A19103F-16F7-4668-BE54-9A1E7A4F7556}") = "Neo.Compiler.MSIL", "..\neo-devpack-dotnet\src\Neo.Compiler.MSIL\Neo.Compiler.MSIL.csproj", "{7F8DC49E-F58B-4BCF-8040-1E229265EBAB}"
EndProject
Project("{9A19103F-16F7-4668-BE54-9A1E7A4F7556}") = "Neo.SmartContract.Framework", "..\neo-devpack-dotnet\src\Neo.SmartContract.Framework\Neo.SmartContract.Framework.csproj", "{31614FCD-7D03-40BE-A1F5-281E443E1B9A}"
EndProject
Project("{9A19103F-16F7-4668-BE54-9A1E7A4F7556}") = "ApplicationLogs", "..\neo-plugins\ApplicationLogs\ApplicationLogs.csproj", "{EF4D880E-3629-41C8-ADBB-9488BF7C880A}"
EndProject
Project("{9A19103F-16F7-4668-BE54-9A1E7A4F7556}") = "CoreMetrics", "..\neo-plugins\CoreMetrics\CoreMetrics.csproj", "{1281CE23-A350-424B-A574-1D53F20A6824}"
EndProject
Project("{9A19103F-16F7-4668-BE54-9A1E7A4F7556}") = "ImportBlocks", "..\neo-plugins\ImportBlocks\ImportBlocks.csproj", "{CCF88793-EB09-4F54-9AED-25F0F0192AF6}"
EndProject
Project("{9A19103F-16F7-4668-BE54-9A1E7A4F7556}") = "RpcNep5Tracker", "..\neo-plugins\RpcNep5Tracker\RpcNep5Tracker.csproj", "{3AC5B3C7-6F2E-458F-B5D5-2FD848364087}"
EndProject
Project("{9A19103F-16F7-4668-BE54-9A1E7A4F7556}") = "RpcSecurity", "..\neo-plugins\RpcSecurity\RpcSecurity.csproj", "{CF4EBAF9-EDD2-4210-89D8-4D9512453A59}"
EndProject
Project("{9A19103F-16F7-4668-BE54-9A1E7A4F7556}") = "RpcWallet", "..\neo-plugins\RpcWallet\RpcWallet.csproj", "{8482EBFA-4EA8-426E-BA32-F71C1109FEDB}"
EndProject
Project("{9A19103F-16F7-4668-BE54-9A1E7A4F7556}") = "StatesDumper", "..\neo-plugins\StatesDumper\StatesDumper.csproj", "{35B79AA4-F41A-4DB5-9C06-0DE3092031C1}"
EndProject
Project("{9A19103F-16F7-4668-BE54-9A1E7A4F7556}") = "SystemLog", "..\neo-plugins\SystemLog\SystemLog.csproj", "{1A5644EB-F063-423B-B951-17E67B89A844}"
EndProject
Project("{2150E333-8FDC-42A3-9474-1A3956D46DE8}") = "plugins", "plugins", "{9FAD16D1-CF4E-4051-8C3E-95CB90FE6B35}"
EndProject
Project("{2150E333-8FDC-42A3-9474-1A3956D46DE8}") = "gui", "gui", "{E374DC0F-1A1E-4120-B1BE-9B8C32D181D0}"
EndProject
Project("{2150E333-8FDC-42A3-9474-1A3956D46DE8}") = "cli", "cli", "{CEF3D2FC-1C1F-4E0C-B104-1838DE4820C6}"
EndProject
Project("{2150E333-8FDC-42A3-9474-1A3956D46DE8}") = "vm", "vm", "{602B253F-4537-4EE4-B9A6-4A8FC912171E}"
EndProject
Project("{9A19103F-16F7-4668-BE54-9A1E7A4F7556}") = "neo-vm", "..\neo-vm\src\neo-vm\neo-vm.csproj", "{96C3992D-B2B5-4A57-91B7-12568C568540}"
EndProject
Project("{9A19103F-16F7-4668-BE54-9A1E7A4F7556}") = "neo-vm.Tests", "..\neo-vm\tests\neo-vm.Tests\neo-vm.Tests.csproj", "{6ABB8836-CEA1-4298-A95A-1C08B48D1D3F}"
EndProject
Project("{2150E333-8FDC-42A3-9474-1A3956D46DE8}") = "devpack", "devpack", "{CD4F0765-3866-427A-A6C9-4581CB1A680B}"
EndProject
Project("{9A19103F-16F7-4668-BE54-9A1E7A4F7556}") = "Neo.Compiler.MSIL.UnitTests", "..\neo-devpack-dotnet\tests\Neo.Compiler.MSIL.UnitTests\Neo.Compiler.MSIL.UnitTests.csproj", "{B001CAB0-3E1D-4CD1-BBD9-C59651A555FC}"
EndProject
Project("{9A19103F-16F7-4668-BE54-9A1E7A4F7556}") = "Neo.SmartContract.Framework.UnitTests", "..\neo-devpack-dotnet\tests\Neo.SmartContract.Framework.UnitTests\Neo.SmartContract.Framework.UnitTests.csproj", "{8EFB5F63-13EB-45F0-9798-D75FA785F541}"
EndProject
Project("{FAE04EC0-301F-11D3-BF4B-00C04F79EFBC}") = "neo-gui", "..\neo-gui\neo-gui\neo-gui.csproj", "{CFC243F0-F4E3-4754-8E21-8BA17E1C1788}"
EndProject
Global
	GlobalSection(SolutionConfigurationPlatforms) = preSolution
		Debug|Any CPU = Debug|Any CPU
		Release|Any CPU = Release|Any CPU
	EndGlobalSection
	GlobalSection(ProjectConfigurationPlatforms) = postSolution
		{36447A9B-0311-4D4D-A3D5-AECBE9C15BBC}.Debug|Any CPU.ActiveCfg = Debug|Any CPU
		{36447A9B-0311-4D4D-A3D5-AECBE9C15BBC}.Debug|Any CPU.Build.0 = Debug|Any CPU
		{36447A9B-0311-4D4D-A3D5-AECBE9C15BBC}.Release|Any CPU.ActiveCfg = Release|Any CPU
		{36447A9B-0311-4D4D-A3D5-AECBE9C15BBC}.Release|Any CPU.Build.0 = Release|Any CPU
		{5B783B30-B422-4C2F-AC22-187A8D1993F4}.Debug|Any CPU.ActiveCfg = Debug|Any CPU
		{5B783B30-B422-4C2F-AC22-187A8D1993F4}.Debug|Any CPU.Build.0 = Debug|Any CPU
		{5B783B30-B422-4C2F-AC22-187A8D1993F4}.Release|Any CPU.ActiveCfg = Release|Any CPU
		{5B783B30-B422-4C2F-AC22-187A8D1993F4}.Release|Any CPU.Build.0 = Release|Any CPU
		{D99F7703-C0F6-44B7-B532-13AAB5C766EB}.Debug|Any CPU.ActiveCfg = Debug|Any CPU
		{D99F7703-C0F6-44B7-B532-13AAB5C766EB}.Debug|Any CPU.Build.0 = Debug|Any CPU
		{D99F7703-C0F6-44B7-B532-13AAB5C766EB}.Release|Any CPU.ActiveCfg = Release|Any CPU
		{D99F7703-C0F6-44B7-B532-13AAB5C766EB}.Release|Any CPU.Build.0 = Release|Any CPU
		{7F8DC49E-F58B-4BCF-8040-1E229265EBAB}.Debug|Any CPU.ActiveCfg = Debug|Any CPU
		{7F8DC49E-F58B-4BCF-8040-1E229265EBAB}.Debug|Any CPU.Build.0 = Debug|Any CPU
		{7F8DC49E-F58B-4BCF-8040-1E229265EBAB}.Release|Any CPU.ActiveCfg = Release|Any CPU
		{7F8DC49E-F58B-4BCF-8040-1E229265EBAB}.Release|Any CPU.Build.0 = Release|Any CPU
		{31614FCD-7D03-40BE-A1F5-281E443E1B9A}.Debug|Any CPU.ActiveCfg = Debug|Any CPU
		{31614FCD-7D03-40BE-A1F5-281E443E1B9A}.Debug|Any CPU.Build.0 = Debug|Any CPU
		{31614FCD-7D03-40BE-A1F5-281E443E1B9A}.Release|Any CPU.ActiveCfg = Release|Any CPU
		{31614FCD-7D03-40BE-A1F5-281E443E1B9A}.Release|Any CPU.Build.0 = Release|Any CPU
		{EF4D880E-3629-41C8-ADBB-9488BF7C880A}.Debug|Any CPU.ActiveCfg = Debug|Any CPU
		{EF4D880E-3629-41C8-ADBB-9488BF7C880A}.Debug|Any CPU.Build.0 = Debug|Any CPU
		{EF4D880E-3629-41C8-ADBB-9488BF7C880A}.Release|Any CPU.ActiveCfg = Release|Any CPU
		{EF4D880E-3629-41C8-ADBB-9488BF7C880A}.Release|Any CPU.Build.0 = Release|Any CPU
		{1281CE23-A350-424B-A574-1D53F20A6824}.Debug|Any CPU.ActiveCfg = Debug|Any CPU
		{1281CE23-A350-424B-A574-1D53F20A6824}.Debug|Any CPU.Build.0 = Debug|Any CPU
		{1281CE23-A350-424B-A574-1D53F20A6824}.Release|Any CPU.ActiveCfg = Release|Any CPU
		{1281CE23-A350-424B-A574-1D53F20A6824}.Release|Any CPU.Build.0 = Release|Any CPU
		{CCF88793-EB09-4F54-9AED-25F0F0192AF6}.Debug|Any CPU.ActiveCfg = Debug|Any CPU
		{CCF88793-EB09-4F54-9AED-25F0F0192AF6}.Debug|Any CPU.Build.0 = Debug|Any CPU
		{CCF88793-EB09-4F54-9AED-25F0F0192AF6}.Release|Any CPU.ActiveCfg = Release|Any CPU
		{CCF88793-EB09-4F54-9AED-25F0F0192AF6}.Release|Any CPU.Build.0 = Release|Any CPU
		{3AC5B3C7-6F2E-458F-B5D5-2FD848364087}.Debug|Any CPU.ActiveCfg = Debug|Any CPU
		{3AC5B3C7-6F2E-458F-B5D5-2FD848364087}.Debug|Any CPU.Build.0 = Debug|Any CPU
		{3AC5B3C7-6F2E-458F-B5D5-2FD848364087}.Release|Any CPU.ActiveCfg = Release|Any CPU
		{3AC5B3C7-6F2E-458F-B5D5-2FD848364087}.Release|Any CPU.Build.0 = Release|Any CPU
		{CF4EBAF9-EDD2-4210-89D8-4D9512453A59}.Debug|Any CPU.ActiveCfg = Debug|Any CPU
		{CF4EBAF9-EDD2-4210-89D8-4D9512453A59}.Debug|Any CPU.Build.0 = Debug|Any CPU
		{CF4EBAF9-EDD2-4210-89D8-4D9512453A59}.Release|Any CPU.ActiveCfg = Release|Any CPU
		{CF4EBAF9-EDD2-4210-89D8-4D9512453A59}.Release|Any CPU.Build.0 = Release|Any CPU
		{8482EBFA-4EA8-426E-BA32-F71C1109FEDB}.Debug|Any CPU.ActiveCfg = Debug|Any CPU
		{8482EBFA-4EA8-426E-BA32-F71C1109FEDB}.Debug|Any CPU.Build.0 = Debug|Any CPU
		{8482EBFA-4EA8-426E-BA32-F71C1109FEDB}.Release|Any CPU.ActiveCfg = Release|Any CPU
		{8482EBFA-4EA8-426E-BA32-F71C1109FEDB}.Release|Any CPU.Build.0 = Release|Any CPU
		{35B79AA4-F41A-4DB5-9C06-0DE3092031C1}.Debug|Any CPU.ActiveCfg = Debug|Any CPU
		{35B79AA4-F41A-4DB5-9C06-0DE3092031C1}.Debug|Any CPU.Build.0 = Debug|Any CPU
		{35B79AA4-F41A-4DB5-9C06-0DE3092031C1}.Release|Any CPU.ActiveCfg = Release|Any CPU
		{35B79AA4-F41A-4DB5-9C06-0DE3092031C1}.Release|Any CPU.Build.0 = Release|Any CPU
		{1A5644EB-F063-423B-B951-17E67B89A844}.Debug|Any CPU.ActiveCfg = Debug|Any CPU
		{1A5644EB-F063-423B-B951-17E67B89A844}.Debug|Any CPU.Build.0 = Debug|Any CPU
		{1A5644EB-F063-423B-B951-17E67B89A844}.Release|Any CPU.ActiveCfg = Release|Any CPU
		{1A5644EB-F063-423B-B951-17E67B89A844}.Release|Any CPU.Build.0 = Release|Any CPU
		{96C3992D-B2B5-4A57-91B7-12568C568540}.Debug|Any CPU.ActiveCfg = Debug|Any CPU
		{96C3992D-B2B5-4A57-91B7-12568C568540}.Debug|Any CPU.Build.0 = Debug|Any CPU
		{96C3992D-B2B5-4A57-91B7-12568C568540}.Release|Any CPU.ActiveCfg = Release|Any CPU
		{96C3992D-B2B5-4A57-91B7-12568C568540}.Release|Any CPU.Build.0 = Release|Any CPU
		{6ABB8836-CEA1-4298-A95A-1C08B48D1D3F}.Debug|Any CPU.ActiveCfg = Debug|Any CPU
		{6ABB8836-CEA1-4298-A95A-1C08B48D1D3F}.Debug|Any CPU.Build.0 = Debug|Any CPU
		{6ABB8836-CEA1-4298-A95A-1C08B48D1D3F}.Release|Any CPU.ActiveCfg = Release|Any CPU
		{6ABB8836-CEA1-4298-A95A-1C08B48D1D3F}.Release|Any CPU.Build.0 = Release|Any CPU
		{B001CAB0-3E1D-4CD1-BBD9-C59651A555FC}.Debug|Any CPU.ActiveCfg = Debug|Any CPU
		{B001CAB0-3E1D-4CD1-BBD9-C59651A555FC}.Debug|Any CPU.Build.0 = Debug|Any CPU
		{B001CAB0-3E1D-4CD1-BBD9-C59651A555FC}.Release|Any CPU.ActiveCfg = Release|Any CPU
		{B001CAB0-3E1D-4CD1-BBD9-C59651A555FC}.Release|Any CPU.Build.0 = Release|Any CPU
		{8EFB5F63-13EB-45F0-9798-D75FA785F541}.Debug|Any CPU.ActiveCfg = Debug|Any CPU
		{8EFB5F63-13EB-45F0-9798-D75FA785F541}.Debug|Any CPU.Build.0 = Debug|Any CPU
		{8EFB5F63-13EB-45F0-9798-D75FA785F541}.Release|Any CPU.ActiveCfg = Release|Any CPU
		{8EFB5F63-13EB-45F0-9798-D75FA785F541}.Release|Any CPU.Build.0 = Release|Any CPU
		{CFC243F0-F4E3-4754-8E21-8BA17E1C1788}.Debug|Any CPU.ActiveCfg = Debug|Any CPU
		{CFC243F0-F4E3-4754-8E21-8BA17E1C1788}.Debug|Any CPU.Build.0 = Debug|Any CPU
		{CFC243F0-F4E3-4754-8E21-8BA17E1C1788}.Release|Any CPU.ActiveCfg = Release|Any CPU
		{CFC243F0-F4E3-4754-8E21-8BA17E1C1788}.Release|Any CPU.Build.0 = Release|Any CPU
	EndGlobalSection
	GlobalSection(SolutionProperties) = preSolution
		HideSolutionNode = FALSE
	EndGlobalSection
	GlobalSection(NestedProjects) = preSolution
		{D99F7703-C0F6-44B7-B532-13AAB5C766EB} = {CEF3D2FC-1C1F-4E0C-B104-1838DE4820C6}
		{7F8DC49E-F58B-4BCF-8040-1E229265EBAB} = {CD4F0765-3866-427A-A6C9-4581CB1A680B}
		{31614FCD-7D03-40BE-A1F5-281E443E1B9A} = {CD4F0765-3866-427A-A6C9-4581CB1A680B}
		{EF4D880E-3629-41C8-ADBB-9488BF7C880A} = {9FAD16D1-CF4E-4051-8C3E-95CB90FE6B35}
		{1281CE23-A350-424B-A574-1D53F20A6824} = {9FAD16D1-CF4E-4051-8C3E-95CB90FE6B35}
		{CCF88793-EB09-4F54-9AED-25F0F0192AF6} = {9FAD16D1-CF4E-4051-8C3E-95CB90FE6B35}
		{3AC5B3C7-6F2E-458F-B5D5-2FD848364087} = {9FAD16D1-CF4E-4051-8C3E-95CB90FE6B35}
		{CF4EBAF9-EDD2-4210-89D8-4D9512453A59} = {9FAD16D1-CF4E-4051-8C3E-95CB90FE6B35}
		{8482EBFA-4EA8-426E-BA32-F71C1109FEDB} = {9FAD16D1-CF4E-4051-8C3E-95CB90FE6B35}
		{35B79AA4-F41A-4DB5-9C06-0DE3092031C1} = {9FAD16D1-CF4E-4051-8C3E-95CB90FE6B35}
		{1A5644EB-F063-423B-B951-17E67B89A844} = {9FAD16D1-CF4E-4051-8C3E-95CB90FE6B35}
		{96C3992D-B2B5-4A57-91B7-12568C568540} = {602B253F-4537-4EE4-B9A6-4A8FC912171E}
		{6ABB8836-CEA1-4298-A95A-1C08B48D1D3F} = {602B253F-4537-4EE4-B9A6-4A8FC912171E}
		{B001CAB0-3E1D-4CD1-BBD9-C59651A555FC} = {CD4F0765-3866-427A-A6C9-4581CB1A680B}
		{8EFB5F63-13EB-45F0-9798-D75FA785F541} = {CD4F0765-3866-427A-A6C9-4581CB1A680B}
		{CFC243F0-F4E3-4754-8E21-8BA17E1C1788} = {E374DC0F-1A1E-4120-B1BE-9B8C32D181D0}
	EndGlobalSection
	GlobalSection(ExtensibilityGlobals) = postSolution
		SolutionGuid = {56F11B2C-5916-4228-A164-5D148D4F4001}
	EndGlobalSection
EndGlobal
